
Microsoft Visual Studio Solution File, Format Version 12.00
# Visual Studio Version 17
VisualStudioVersion = 17.7.34003.232
MinimumVisualStudioVersion = 10.0.40219.1
Project("{9A19103F-16F7-4668-BE54-9A1E7A4F7556}") = "API", "API\API.csproj", "{BF548FA1-93A6-4919-8A6B-D184A10ECC26}"
EndProject
Project("{9A19103F-16F7-4668-BE54-9A1E7A4F7556}") = "Domain", "Domain\Domain.csproj", "{FECA7ABE-875F-4494-8BA8-1207362BF419}"
EndProject
Project("{FAE04EC0-301F-11D3-BF4B-00C04F79EFBC}") = "Application", "Application\Application.csproj", "{9DA31077-2405-4B10-A235-E1137A7E65AB}"
EndProject
Project("{FAE04EC0-301F-11D3-BF4B-00C04F79EFBC}") = "Persistence", "Persistence\Persistence.csproj", "{0590E2ED-F01A-41C6-A6BB-046553E275D9}"
EndProject
Global
	GlobalSection(SolutionConfigurationPlatforms) = preSolution
		Debug|Any CPU = Debug|Any CPU
		Release|Any CPU = Release|Any CPU
	EndGlobalSection
	GlobalSection(ProjectConfigurationPlatforms) = postSolution
		{BF548FA1-93A6-4919-8A6B-D184A10ECC26}.Debug|Any CPU.ActiveCfg = Debug|Any CPU
		{BF548FA1-93A6-4919-8A6B-D184A10ECC26}.Debug|Any CPU.Build.0 = Debug|Any CPU
		{BF548FA1-93A6-4919-8A6B-D184A10ECC26}.Release|Any CPU.ActiveCfg = Release|Any CPU
		{BF548FA1-93A6-4919-8A6B-D184A10ECC26}.Release|Any CPU.Build.0 = Release|Any CPU
		{FECA7ABE-875F-4494-8BA8-1207362BF419}.Debug|Any CPU.ActiveCfg = Debug|Any CPU
		{FECA7ABE-875F-4494-8BA8-1207362BF419}.Debug|Any CPU.Build.0 = Debug|Any CPU
		{FECA7ABE-875F-4494-8BA8-1207362BF419}.Release|Any CPU.ActiveCfg = Release|Any CPU
		{FECA7ABE-875F-4494-8BA8-1207362BF419}.Release|Any CPU.Build.0 = Release|Any CPU
		{9DA31077-2405-4B10-A235-E1137A7E65AB}.Debug|Any CPU.ActiveCfg = Debug|Any CPU
		{9DA31077-2405-4B10-A235-E1137A7E65AB}.Debug|Any CPU.Build.0 = Debug|Any CPU
		{9DA31077-2405-4B10-A235-E1137A7E65AB}.Release|Any CPU.ActiveCfg = Release|Any CPU
		{9DA31077-2405-4B10-A235-E1137A7E65AB}.Release|Any CPU.Build.0 = Release|Any CPU
		{0590E2ED-F01A-41C6-A6BB-046553E275D9}.Debug|Any CPU.ActiveCfg = Debug|Any CPU
		{0590E2ED-F01A-41C6-A6BB-046553E275D9}.Debug|Any CPU.Build.0 = Debug|Any CPU
		{0590E2ED-F01A-41C6-A6BB-046553E275D9}.Release|Any CPU.ActiveCfg = Release|Any CPU
		{0590E2ED-F01A-41C6-A6BB-046553E275D9}.Release|Any CPU.Build.0 = Release|Any CPU
	EndGlobalSection
	GlobalSection(SolutionProperties) = preSolution
		HideSolutionNode = FALSE
	EndGlobalSection
	GlobalSection(ExtensibilityGlobals) = postSolution
		SolutionGuid = {49C7AF6E-9957-4A53-9905-EA0257F35EE7}
	EndGlobalSection
EndGlobal
